
Microsoft Visual Studio Solution File, Format Version 12.00
# Visual Studio 15
VisualStudioVersion = 15.0.27130.2010
MinimumVisualStudioVersion = 10.0.40219.1
Project("{FAE04EC0-301F-11D3-BF4B-00C04F79EFBC}") = "Hidra", "Hidra\Hidra.csproj", "{2F2E9A0C-C97C-4AC7-A598-03D334B2D827}"
	ProjectSection(ProjectDependencies) = postProject
		{35B5A93F-03EA-445F-BDF6-2B37C256578F} = {35B5A93F-03EA-445F-BDF6-2B37C256578F}
	EndProjectSection
EndProject
Project("{FAE04EC0-301F-11D3-BF4B-00C04F79EFBC}") = "Hidra.Core", "Hidra.Core\Hidra.Core.csproj", "{676D3228-C3F0-4BE7-8951-B83F7A16CEA7}"
EndProject
Project("{FAE04EC0-301F-11D3-BF4B-00C04F79EFBC}") = "Hidra.Plugins", "Hidra.Plugins\Hidra.Plugins.csproj", "{35B5A93F-03EA-445F-BDF6-2B37C256578F}"
EndProject
Project("{2150E333-8FDC-42A3-9474-1A3956D46DE8}") = "Hidra.IOWrapper", "Hidra.IOWrapper", "{04849AFF-A398-488D-A5CA-A9CB52399FCD}"
EndProject
Project("{FAE04EC0-301F-11D3-BF4B-00C04F79EFBC}") = "DTOs", "Hidra.IOWrapper\Source\DataObjects\DTOs.csproj", "{11EA5CDC-EB39-4532-A874-2EBCED92F114}"
EndProject
Project("{FAE04EC0-301F-11D3-BF4B-00C04F79EFBC}") = "ProviderInterface", "Hidra.IOWrapper\Source\ProviderInterface\ProviderInterface.csproj", "{749B7AA2-743C-4BDE-9BE1-E7CE0CAC8690}"
EndProject
Project("{FAE04EC0-301F-11D3-BF4B-00C04F79EFBC}") = "Core", "Hidra.IOWrapper\Source\Core\Core.csproj", "{C26590FF-2137-41C6-BD51-EA59ED047C17}"
EndProject
Project("{FAE04EC0-301F-11D3-BF4B-00C04F79EFBC}") = "EmptyEventDictionary", "Hidra.IOWrapper\Source\Provider Libraries\Subscription Handling\EmptyEventDictionary\EmptyEventDictionary.csproj", "{9AE8291C-57D3-441D-8FF0-315E582FA137}"
EndProject
Project("{FAE04EC0-301F-11D3-BF4B-00C04F79EFBC}") = "SubscriptionHandler", "Hidra.IOWrapper\Source\Provider Libraries\Subscription Handling\SubscriptionHandler\SubscriptionHandler.csproj", "{C710758A-BC6F-4BAC-9817-BB144A7B5B6A}"
EndProject
Project("{FAE04EC0-301F-11D3-BF4B-00C04F79EFBC}") = "Core_RawInputHook", "Hidra.IOWrapper\Source\Core Providers\Core_RawInputHook\Core_RawInputHook.csproj", "{DA683289-EC19-4B13-8010-6E44605D203E}"
EndProject
Project("{FAE04EC0-301F-11D3-BF4B-00C04F79EFBC}") = "Hidra.Tests", "Hidra.Tests\Hidra.Tests.csproj", "{F401B642-1E27-44C2-BFFA-5F3CFBFD14BD}"
	ProjectSection(ProjectDependencies) = postProject
		{676D3228-C3F0-4BE7-8951-B83F7A16CEA7} = {676D3228-C3F0-4BE7-8951-B83F7A16CEA7}
		{35B5A93F-03EA-445F-BDF6-2B37C256578F} = {35B5A93F-03EA-445F-BDF6-2B37C256578F}
	EndProjectSection
EndProject
Global
	GlobalSection(SolutionConfigurationPlatforms) = preSolution
		Debug|Any CPU = Debug|Any CPU
		Release|Any CPU = Release|Any CPU
	EndGlobalSection
	GlobalSection(ProjectConfigurationPlatforms) = postSolution
		{2F2E9A0C-C97C-4AC7-A598-03D334B2D827}.Debug|Any CPU.ActiveCfg = Debug|Any CPU
		{2F2E9A0C-C97C-4AC7-A598-03D334B2D827}.Debug|Any CPU.Build.0 = Debug|Any CPU
		{2F2E9A0C-C97C-4AC7-A598-03D334B2D827}.Release|Any CPU.ActiveCfg = Release|Any CPU
		{2F2E9A0C-C97C-4AC7-A598-03D334B2D827}.Release|Any CPU.Build.0 = Release|Any CPU
		{676D3228-C3F0-4BE7-8951-B83F7A16CEA7}.Debug|Any CPU.ActiveCfg = Debug|Any CPU
		{676D3228-C3F0-4BE7-8951-B83F7A16CEA7}.Debug|Any CPU.Build.0 = Debug|Any CPU
		{676D3228-C3F0-4BE7-8951-B83F7A16CEA7}.Release|Any CPU.ActiveCfg = Release|Any CPU
		{676D3228-C3F0-4BE7-8951-B83F7A16CEA7}.Release|Any CPU.Build.0 = Release|Any CPU
		{35B5A93F-03EA-445F-BDF6-2B37C256578F}.Debug|Any CPU.ActiveCfg = Debug|Any CPU
		{35B5A93F-03EA-445F-BDF6-2B37C256578F}.Debug|Any CPU.Build.0 = Debug|Any CPU
		{35B5A93F-03EA-445F-BDF6-2B37C256578F}.Release|Any CPU.ActiveCfg = Release|Any CPU
		{35B5A93F-03EA-445F-BDF6-2B37C256578F}.Release|Any CPU.Build.0 = Release|Any CPU
		{11EA5CDC-EB39-4532-A874-2EBCED92F114}.Debug|Any CPU.ActiveCfg = Debug|Any CPU
		{11EA5CDC-EB39-4532-A874-2EBCED92F114}.Debug|Any CPU.Build.0 = Debug|Any CPU
		{11EA5CDC-EB39-4532-A874-2EBCED92F114}.Release|Any CPU.ActiveCfg = Release|Any CPU
		{11EA5CDC-EB39-4532-A874-2EBCED92F114}.Release|Any CPU.Build.0 = Release|Any CPU
		{749B7AA2-743C-4BDE-9BE1-E7CE0CAC8690}.Debug|Any CPU.ActiveCfg = Debug|Any CPU
		{749B7AA2-743C-4BDE-9BE1-E7CE0CAC8690}.Debug|Any CPU.Build.0 = Debug|Any CPU
		{749B7AA2-743C-4BDE-9BE1-E7CE0CAC8690}.Release|Any CPU.ActiveCfg = Release|Any CPU
		{749B7AA2-743C-4BDE-9BE1-E7CE0CAC8690}.Release|Any CPU.Build.0 = Release|Any CPU
		{C26590FF-2137-41C6-BD51-EA59ED047C17}.Debug|Any CPU.ActiveCfg = Debug|Any CPU
		{C26590FF-2137-41C6-BD51-EA59ED047C17}.Debug|Any CPU.Build.0 = Debug|Any CPU
		{C26590FF-2137-41C6-BD51-EA59ED047C17}.Release|Any CPU.ActiveCfg = Release|Any CPU
		{C26590FF-2137-41C6-BD51-EA59ED047C17}.Release|Any CPU.Build.0 = Release|Any CPU
		{9AE8291C-57D3-441D-8FF0-315E582FA137}.Debug|Any CPU.ActiveCfg = Debug|Any CPU
		{9AE8291C-57D3-441D-8FF0-315E582FA137}.Debug|Any CPU.Build.0 = Debug|Any CPU
		{9AE8291C-57D3-441D-8FF0-315E582FA137}.Release|Any CPU.ActiveCfg = Release|Any CPU
		{9AE8291C-57D3-441D-8FF0-315E582FA137}.Release|Any CPU.Build.0 = Release|Any CPU
		{C710758A-BC6F-4BAC-9817-BB144A7B5B6A}.Debug|Any CPU.ActiveCfg = Debug|Any CPU
		{C710758A-BC6F-4BAC-9817-BB144A7B5B6A}.Debug|Any CPU.Build.0 = Debug|Any CPU
		{C710758A-BC6F-4BAC-9817-BB144A7B5B6A}.Release|Any CPU.ActiveCfg = Release|Any CPU
		{C710758A-BC6F-4BAC-9817-BB144A7B5B6A}.Release|Any CPU.Build.0 = Release|Any CPU
		{DA683289-EC19-4B13-8010-6E44605D203E}.Debug|Any CPU.ActiveCfg = Debug|Any CPU
		{DA683289-EC19-4B13-8010-6E44605D203E}.Debug|Any CPU.Build.0 = Debug|Any CPU
		{DA683289-EC19-4B13-8010-6E44605D203E}.Release|Any CPU.ActiveCfg = Release|Any CPU
		{DA683289-EC19-4B13-8010-6E44605D203E}.Release|Any CPU.Build.0 = Release|Any CPU
		{F401B642-1E27-44C2-BFFA-5F3CFBFD14BD}.Debug|Any CPU.ActiveCfg = Debug|Any CPU
		{F401B642-1E27-44C2-BFFA-5F3CFBFD14BD}.Debug|Any CPU.Build.0 = Debug|Any CPU
		{F401B642-1E27-44C2-BFFA-5F3CFBFD14BD}.Release|Any CPU.ActiveCfg = Release|Any CPU
		{F401B642-1E27-44C2-BFFA-5F3CFBFD14BD}.Release|Any CPU.Build.0 = Release|Any CPU
	EndGlobalSection
	GlobalSection(SolutionProperties) = preSolution
		HideSolutionNode = FALSE
	EndGlobalSection
	GlobalSection(ExtensibilityGlobals) = postSolution
		SolutionGuid = {141F569E-6EF9-4F6A-9868-4828B35B51E5}
	EndGlobalSection
	GlobalSection(NestedProjects) = preSolution
		{11EA5CDC-EB39-4532-A874-2EBCED92F114} = {04849AFF-A398-488D-A5CA-A9CB52399FCD}
		{749B7AA2-743C-4BDE-9BE1-E7CE0CAC8690} = {04849AFF-A398-488D-A5CA-A9CB52399FCD}
		{C26590FF-2137-41C6-BD51-EA59ED047C17} = {04849AFF-A398-488D-A5CA-A9CB52399FCD}
		{9AE8291C-57D3-441D-8FF0-315E582FA137} = {04849AFF-A398-488D-A5CA-A9CB52399FCD}
		{C710758A-BC6F-4BAC-9817-BB144A7B5B6A} = {04849AFF-A398-488D-A5CA-A9CB52399FCD}
		{DA683289-EC19-4B13-8010-6E44605D203E} = {04849AFF-A398-488D-A5CA-A9CB52399FCD}
	EndGlobalSection
EndGlobal
